
Microsoft Visual Studio Solution File, Format Version 12.00
# Visual Studio Version 16
VisualStudioVersion = 16.0.32106.194
MinimumVisualStudioVersion = 10.0.40219.1
Project("{FAE04EC0-301F-11D3-BF4B-00C04F79EFBC}") = "ParamOut_Ref_Val", "ParamOut_Ref_Val\ParamOut_Ref_Val.csproj", "{80FC02BE-1A1D-45C1-B32F-ED1A6F96737E}"
EndProject
Global
	GlobalSection(SolutionConfigurationPlatforms) = preSolution
		Debug|Any CPU = Debug|Any CPU
		Release|Any CPU = Release|Any CPU
	EndGlobalSection
	GlobalSection(ProjectConfigurationPlatforms) = postSolution
		{80FC02BE-1A1D-45C1-B32F-ED1A6F96737E}.Debug|Any CPU.ActiveCfg = Debug|Any CPU
		{80FC02BE-1A1D-45C1-B32F-ED1A6F96737E}.Debug|Any CPU.Build.0 = Debug|Any CPU
		{80FC02BE-1A1D-45C1-B32F-ED1A6F96737E}.Release|Any CPU.ActiveCfg = Release|Any CPU
		{80FC02BE-1A1D-45C1-B32F-ED1A6F96737E}.Release|Any CPU.Build.0 = Release|Any CPU
	EndGlobalSection
	GlobalSection(SolutionProperties) = preSolution
		HideSolutionNode = FALSE
	EndGlobalSection
	GlobalSection(ExtensibilityGlobals) = postSolution
		SolutionGuid = {CB570E16-FA5D-40AA-9CAE-2252DC3350A1}
	EndGlobalSection
EndGlobal
